dependencies:
- name: activiti-cloud-identity
  repository: https://activiti.github.io/activiti-cloud-helm-charts/
  version: 0.0.11
- name: activiti-keycloak
  repository: https://activiti.github.io/activiti-cloud-helm-charts/
  version: 0.0.34
- name: activiti-cloud-gateway
  repository: https://activiti.github.io/activiti-cloud-helm-charts/
  version: 7.1.19
- name: activiti-cloud-query
  repository: https://activiti.github.io/activiti-cloud-helm-charts/
  version: 7.1.286
- name: activiti-cloud-audit
  repository: https://activiti.github.io/activiti-cloud-helm-charts/
  version: 7.1.274
- name: activiti-cloud-messages
  repository: https://activiti.github.io/activiti-cloud-helm-charts/
  version: 7.1.5
- name: rabbitmq-ha
  repository: https://kubernetes-charts.storage.googleapis.com
  version: 1.38.1
- name: postgresql
  repository: https://kubernetes-charts.storage.googleapis.com
  version: 3.11.3
- name: runtime-bundle
  repository: https://activiti.github.io/activiti-cloud-helm-charts/
  version: 7.1.341
- name: activiti-cloud-connector
  repository: https://activiti.github.io/activiti-cloud-helm-charts/
  version: 7.1.286
- name: activiti-cloud-notifications-graphql
  repository: https://activiti.github.io/activiti-cloud-helm-charts/
  version: 7.1.312
- name: activiti-cloud-modeling
  repository: https://activiti.github.io/activiti-cloud-helm-charts/
  version: 7.1.596
digest: sha256:08749bd7f7d5770274cb9576b3e1f828f523f5c8478658fa661f9ee08c79c206
generated: 2020-01-14T16:55:05.006775501Z
