dependencies:
- name: alfresco-identity-service
  repository: https://kubernetes-charts.alfresco.com/incubator
  version: 1.1.2
- name: common
  repository: https://activiti.github.io/activiti-cloud-helm-charts/
  version: 1.1.20
digest: sha256:b1c8e32da0781663f338baf968a8d8bfd162087a945131be6f92dc32bd0782de
generated: 2019-11-06T11:13:10.431634695Z
